
Microsoft Visual Studio Solution File, Format Version 12.00
# Visual Studio Version 16
VisualStudioVersion = 16.0.33130.400
MinimumVisualStudioVersion = 10.0.40219.1
Project("{C9674DCB-5085-4A16-B785-4C70DD1589BD}") = "DepartmentHoursAndWagesImport", "DepartmentHoursAndWagesImport.dtproj", "{C906A3C5-7C17-4350-B262-DE8E5413A6C6}"
EndProject
Global
	GlobalSection(SolutionConfigurationPlatforms) = preSolution
		Development|Default = Development|Default
	EndGlobalSection
	GlobalSection(ProjectConfigurationPlatforms) = postSolution
		{C906A3C5-7C17-4350-B262-DE8E5413A6C6}.Development|Default.ActiveCfg = Development
		{C906A3C5-7C17-4350-B262-DE8E5413A6C6}.Development|Default.Build.0 = Development
	EndGlobalSection
	GlobalSection(SolutionProperties) = preSolution
		HideSolutionNode = FALSE
	EndGlobalSection
	GlobalSection(ExtensibilityGlobals) = postSolution
		SolutionGuid = {94099327-C351-4705-9885-1AB78A50CF52}
	EndGlobalSection
EndGlobal
